
Microsoft Visual Studio Solution File, Format Version 12.00
# Visual Studio 15
VisualStudioVersion = 15.0.27703.2018
MinimumVisualStudioVersion = 10.0.40219.1
Project("{FAE04EC0-301F-11D3-BF4B-00C04F79EFBC}") = "Beef", "Beef\Beef.csproj", "{66F084D6-171F-4C07-8BD7-C528F890DC46}"
EndProject
Global
	GlobalSection(SolutionConfigurationPlatforms) = preSolution
		Debug|Any CPU = Debug|Any CPU
		Release|Any CPU = Release|Any CPU
	EndGlobalSection
	GlobalSection(ProjectConfigurationPlatforms) = postSolution
		{66F084D6-171F-4C07-8BD7-C528F890DC46}.Debug|Any CPU.ActiveCfg = Debug|Any CPU
		{66F084D6-171F-4C07-8BD7-C528F890DC46}.Debug|Any CPU.Build.0 = Debug|Any CPU
		{66F084D6-171F-4C07-8BD7-C528F890DC46}.Release|Any CPU.ActiveCfg = Release|Any CPU
		{66F084D6-171F-4C07-8BD7-C528F890DC46}.Release|Any CPU.Build.0 = Release|Any CPU
	EndGlobalSection
	GlobalSection(SolutionProperties) = preSolution
		HideSolutionNode = FALSE
	EndGlobalSection
	GlobalSection(ExtensibilityGlobals) = postSolution
		SolutionGuid = {CF6C99E1-4E5F-491D-8604-2B1A29D8439B}
	EndGlobalSection
EndGlobal
